
Microsoft Visual Studio Solution File, Format Version 12.00
# Visual Studio 2013
VisualStudioVersion = 12.0.40629.0
MinimumVisualStudioVersion = 10.0.40219.1
Project("{E24C65DC-7377-472B-9ABA-BC803B73C61A}") = "CDT Roofing", "http://localhost:1113", "{17FE029D-CE02-497F-8639-63BA64FFC0AA}"
	ProjectSection(WebsiteProperties) = preProject
		UseIISExpress = "true"
		TargetFrameworkMoniker = ".NETFramework,Version%3Dv4.5"
		Debug.AspNetCompiler.VirtualPath = "/localhost_1113"
		Debug.AspNetCompiler.PhysicalPath = "..\CDT Roofing\"
		Debug.AspNetCompiler.TargetPath = "PrecompiledWeb\localhost_1113\"
		Debug.AspNetCompiler.Updateable = "true"
		Debug.AspNetCompiler.ForceOverwrite = "true"
		Debug.AspNetCompiler.FixedNames = "false"
		Debug.AspNetCompiler.Debug = "True"
		Release.AspNetCompiler.VirtualPath = "/localhost_1113"
		Release.AspNetCompiler.PhysicalPath = "..\CDT Roofing\"
		Release.AspNetCompiler.TargetPath = "PrecompiledWeb\localhost_1113\"
		Release.AspNetCompiler.Updateable = "true"
		Release.AspNetCompiler.ForceOverwrite = "true"
		Release.AspNetCompiler.FixedNames = "false"
		Release.AspNetCompiler.Debug = "False"
		SlnRelativePath = "..\CDT Roofing\"
	EndProjectSection
EndProject
Global
	GlobalSection(SolutionConfigurationPlatforms) = preSolution
		Debug|Any CPU = Debug|Any CPU
	EndGlobalSection
	GlobalSection(ProjectConfigurationPlatforms) = postSolution
		{17FE029D-CE02-497F-8639-63BA64FFC0AA}.Debug|Any CPU.ActiveCfg = Debug|Any CPU
		{17FE029D-CE02-497F-8639-63BA64FFC0AA}.Debug|Any CPU.Build.0 = Debug|Any CPU
	EndGlobalSection
	GlobalSection(SolutionProperties) = preSolution
		HideSolutionNode = FALSE
	EndGlobalSection
EndGlobal
